// !$*UTF8*$!
{
	archiveVersion = 1;
	classes = {
	};
	objectVersion = 50;
	objects = {

/* Begin PBXBuildFile section */
		189FEB5D21539C320092DA09 /* AppDelegate.m in Sources */ = {isa = PBXBuildFile; fileRef = 189FEB5C21539C320092DA09 /* AppDelegate.m */; };
		189FEB6021539C320092DA09 /* ViewController.m in Sources */ = {isa = PBXBuildFile; fileRef = 189FEB5F21539C320092DA09 /* ViewController.m */; };
		189FEB6321539C320092DA09 /* Main.storyboard in Resources */ = {isa = PBXBuildFile; fileRef = 189FEB6121539C320092DA09 /* Main.storyboard */; };
		189FEB6521539C340092DA09 /* Assets.xcassets in Resources */ = {isa = PBXBuildFile; fileRef = 189FEB6421539C340092DA09 /* Assets.xcassets */; };
		189FEB6821539C340092DA09 /* LaunchScreen.storyboard in Resources */ = {isa = PBXBuildFile; fileRef = 189FEB6621539C340092DA09 /* LaunchScreen.storyboard */; };
		189FEB6B21539C340092DA09 /* main.m in Sources */ = {isa = PBXBuildFile; fileRef = 189FEB6A21539C340092DA09 /* main.m */; };
		189FEB7321539EF90092DA09 /* NSArray+ErrorHandel.m in Sources */ = {isa = PBXBuildFile; fileRef = 189FEB7221539EF90092DA09 /* NSArray+ErrorHandel.m */; };
		189FEB762153A1130092DA09 /* NSMutableArray+ErrorHandel.m in Sources */ = {isa = PBXBuildFile; fileRef = 189FEB752153A1130092DA09 /* NSMutableArray+ErrorHandel.m */; };
		189FEB792153A2580092DA09 /* NSObject+SwizzleMethod.m in Sources */ = {isa = PBXBuildFile; fileRef = 189FEB782153A2580092DA09 /* NSObject+SwizzleMethod.m */; };
		18D8434E215A13C700462451 /* iconfont.ttf in Resources */ = {isa = PBXBuildFile; fileRef = 18D84344215A13C700462451 /* iconfont.ttf */; };
		18D84359215A1C5D00462451 /* TBCityIconFont.m in Sources */ = {isa = PBXBuildFile; fileRef = 18D84353215A1C5D00462451 /* TBCityIconFont.m */; };
		18D8435A215A1C5D00462451 /* TBCityIconInfo.m in Sources */ = {isa = PBXBuildFile; fileRef = 18D84355215A1C5D00462451 /* TBCityIconInfo.m */; };
		18D8435B215A1C5D00462451 /* UIImage+TBCityIconFont.m in Sources */ = {isa = PBXBuildFile; fileRef = 18D84357215A1C5D00462451 /* UIImage+TBCityIconFont.m */; };
/* End PBXBuildFile section */

/* Begin PBXFileReference section */
		189FEB5821539C320092DA09 /* outOfBounds.app */ = {isa = PBXFileReference; explicitFileType = wrapper.application; includeInIndex = 0; path = outOfBounds.app; sourceTree = BUILT_PRODUCTS_DIR; };
		189FEB5B21539C320092DA09 /* AppDelegate.h */ = {isa = PBXFileReference; lastKnownFileType = sourcecode.c.h; path = AppDelegate.h; sourceTree = "<group>"; };
		189FEB5C21539C320092DA09 /* AppDelegate.m */ = {isa = PBXFileReference; lastKnownFileType = sourcecode.c.objc; path = AppDelegate.m; sourceTree = "<group>"; };
		189FEB5E21539C320092DA09 /* ViewController.h */ = {isa = PBXFileReference; lastKnownFileType = sourcecode.c.h; path = ViewController.h; sourceTree = "<group>"; };
		189FEB5F21539C320092DA09 /* ViewController.m */ = {isa = PBXFileReference; lastKnownFileType = sourcecode.c.objc; path = ViewController.m; sourceTree = "<group>"; };
		189FEB6221539C320092DA09 /* Base */ = {isa = PBXFileReference; lastKnownFileType = file.storyboard; name = Base; path = Base.lproj/Main.storyboard; sourceTree = "<group>"; };
		189FEB6421539C340092DA09 /* Assets.xcassets */ = {isa = PBXFileReference; lastKnownFileType = folder.assetcatalog; path = Assets.xcassets; sourceTree = "<group>"; };
		189FEB6721539C340092DA09 /* Base */ = {isa = PBXFileReference; lastKnownFileType = file.storyboard; name = Base; path = Base.lproj/LaunchScreen.storyboard; sourceTree = "<group>"; };
		189FEB6921539C340092DA09 /* Info.plist */ = {isa = PBXFileReference; lastKnownFileType = text.plist.xml; path = Info.plist; sourceTree = "<group>"; };
		189FEB6A21539C340092DA09 /* main.m */ = {isa = PBXFileReference; lastKnownFileType = sourcecode.c.objc; path = main.m; sourceTree = "<group>"; };
		189FEB7121539EF90092DA09 /* NSArray+ErrorHandel.h */ = {isa = PBXFileReference; lastKnownFileType = sourcecode.c.h; path = "NSArray+ErrorHandel.h"; sourceTree = "<group>"; };
		189FEB7221539EF90092DA09 /* NSArray+ErrorHandel.m */ = {isa = PBXFileReference; lastKnownFileType = sourcecode.c.objc; path = "NSArray+ErrorHandel.m"; sourceTree = "<group>"; };
		189FEB742153A1130092DA09 /* NSMutableArray+ErrorHandel.h */ = {isa = PBXFileReference; lastKnownFileType = sourcecode.c.h; path = "NSMutableArray+ErrorHandel.h"; sourceTree = "<group>"; };
		189FEB752153A1130092DA09 /* NSMutableArray+ErrorHandel.m */ = {isa = PBXFileReference; lastKnownFileType = sourcecode.c.objc; path = "NSMutableArray+ErrorHandel.m"; sourceTree = "<group>"; };
		189FEB772153A2580092DA09 /* NSObject+SwizzleMethod.h */ = {isa = PBXFileReference; lastKnownFileType = sourcecode.c.h; path = "NSObject+SwizzleMethod.h"; sourceTree = "<group>"; };
		189FEB782153A2580092DA09 /* NSObject+SwizzleMethod.m */ = {isa = PBXFileReference; lastKnownFileType = sourcecode.c.objc; path = "NSObject+SwizzleMethod.m"; sourceTree = "<group>"; };
		18D84344215A13C700462451 /* iconfont.ttf */ = {isa = PBXFileReference; lastKnownFileType = file; path = iconfont.ttf; sourceTree = "<group>"; };
		18D84353215A1C5D00462451 /* TBCityIconFont.m */ = {isa = PBXFileReference; fileEncoding = 4; lastKnownFileType = sourcecode.c.objc; path = TBCityIconFont.m; sourceTree = "<group>"; };
		18D84354215A1C5D00462451 /* TBCityIconFont.h */ = {isa = PBXFileReference; fileEncoding = 4; lastKnownFileType = sourcecode.c.h; path = TBCityIconFont.h; sourceTree = "<group>"; };
		18D84355215A1C5D00462451 /* TBCityIconInfo.m */ = {isa = PBXFileReference; fileEncoding = 4; lastKnownFileType = sourcecode.c.objc; path = TBCityIconInfo.m; sourceTree = "<group>"; };
		18D84356215A1C5D00462451 /* UIImage+TBCityIconFont.h */ = {isa = PBXFileReference; fileEncoding = 4; lastKnownFileType = sourcecode.c.h; path = "UIImage+TBCityIconFont.h"; sourceTree = "<group>"; };
		18D84357215A1C5D00462451 /* UIImage+TBCityIconFont.m */ = {isa = PBXFileReference; fileEncoding = 4; lastKnownFileType = sourcecode.c.objc; path = "UIImage+TBCityIconFont.m"; sourceTree = "<group>"; };
		18D84358215A1C5D00462451 /* TBCityIconInfo.h */ = {isa = PBXFileReference; fileEncoding = 4; lastKnownFileType = sourcecode.c.h; path = TBCityIconInfo.h; sourceTree = "<group>"; };
/* End PBXFileReference section */

/* Begin PBXFrameworksBuildPhase section */
		189FEB5521539C320092DA09 /* Frameworks */ = {
			isa = PBXFrameworksBuildPhase;
			buildActionMask = 2147483647;
			files = (
			);
			runOnlyForDeploymentPostprocessing = 0;
		};
/* End PBXFrameworksBuildPhase section */

/* Begin PBXGroup section */
		189FEB4F21539C320092DA09 = {
			isa = PBXGroup;
			children = (
				189FEB5A21539C320092DA09 /* outOfBounds */,
				189FEB5921539C320092DA09 /* Products */,
			);
			sourceTree = "<group>";
		};
		189FEB5921539C320092DA09 /* Products */ = {
			isa = PBXGroup;
			children = (
				189FEB5821539C320092DA09 /* outOfBounds.app */,
			);
			name = Products;
			sourceTree = "<group>";
		};
		189FEB5A21539C320092DA09 /* outOfBounds */ = {
			isa = PBXGroup;
			children = (
				18D8433E215A13C700462451 /* iconfont */,
				189FEB5B21539C320092DA09 /* AppDelegate.h */,
				189FEB5C21539C320092DA09 /* AppDelegate.m */,
				189FEB5E21539C320092DA09 /* ViewController.h */,
				189FEB5F21539C320092DA09 /* ViewController.m */,
				189FEB7121539EF90092DA09 /* NSArray+ErrorHandel.h */,
				189FEB7221539EF90092DA09 /* NSArray+ErrorHandel.m */,
				189FEB742153A1130092DA09 /* NSMutableArray+ErrorHandel.h */,
				189FEB752153A1130092DA09 /* NSMutableArray+ErrorHandel.m */,
				189FEB772153A2580092DA09 /* NSObject+SwizzleMethod.h */,
				189FEB782153A2580092DA09 /* NSObject+SwizzleMethod.m */,
				189FEB6121539C320092DA09 /* Main.storyboard */,
				189FEB6421539C340092DA09 /* Assets.xcassets */,
				189FEB6621539C340092DA09 /* LaunchScreen.storyboard */,
				189FEB6921539C340092DA09 /* Info.plist */,
				189FEB6A21539C340092DA09 /* main.m */,
			);
			path = outOfBounds;
			sourceTree = "<group>";
		};
		18D8433E215A13C700462451 /* iconfont */ = {
			isa = PBXGroup;
			children = (
				18D84344215A13C700462451 /* iconfont.ttf */,
				18D84354215A1C5D00462451 /* TBCityIconFont.h */,
				18D84353215A1C5D00462451 /* TBCityIconFont.m */,
				18D84358215A1C5D00462451 /* TBCityIconInfo.h */,
				18D84355215A1C5D00462451 /* TBCityIconInfo.m */,
				18D84356215A1C5D00462451 /* UIImage+TBCityIconFont.h */,
				18D84357215A1C5D00462451 /* UIImage+TBCityIconFont.m */,
			);
			path = iconfont;
			sourceTree = "<group>";
		};
/* End PBXGroup section */

/* Begin PBXNativeTarget section */
		189FEB5721539C320092DA09 /* outOfBounds */ = {
			isa = PBXNativeTarget;
			buildConfigurationList = 189FEB6E21539C340092DA09 /* Build configuration list for PBXNativeTarget "outOfBounds" */;
			buildPhases = (
				189FEB5421539C320092DA09 /* Sources */,
				189FEB5521539C320092DA09 /* Frameworks */,
				189FEB5621539C320092DA09 /* Resources */,
			);
			buildRules = (
			);
			dependencies = (
			);
			name = outOfBounds;
			productName = outOfBounds;
			productReference = 189FEB5821539C320092DA09 /* outOfBounds.app */;
			productType = "com.apple.product-type.application";
		};
/* End PBXNativeTarget section */

/* Begin PBXProject section */
		189FEB5021539C320092DA09 /* Project object */ = {
			isa = PBXProject;
			attributes = {
				LastUpgradeCheck = 0940;
				ORGANIZATIONNAME = "钱龙";
				TargetAttributes = {
					189FEB5721539C320092DA09 = {
						CreatedOnToolsVersion = 9.4.1;
					};
				};
			};
			buildConfigurationList = 189FEB5321539C320092DA09 /* Build configuration list for PBXProject "outOfBounds" */;
			compatibilityVersion = "Xcode 9.3";
			developmentRegion = en;
			hasScannedForEncodings = 0;
			knownRegions = (
				en,
				Base,
			);
			mainGroup = 189FEB4F21539C320092DA09;
			productRefGroup = 189FEB5921539C320092DA09 /* Products */;
			projectDirPath = "";
			projectRoot = "";
			targets = (
				189FEB5721539C320092DA09 /* outOfBounds */,
			);
		};
/* End PBXProject section */

/* Begin PBXResourcesBuildPhase section */
		189FEB5621539C320092DA09 /* Resources */ = {
			isa = PBXResourcesBuildPhase;
			buildActionMask = 2147483647;
			files = (
				189FEB6821539C340092DA09 /* LaunchScreen.storyboard in Resources */,
				18D8434E215A13C700462451 /* iconfont.ttf in Resources */,
				189FEB6521539C340092DA09 /* Assets.xcassets in Resources */,
				189FEB6321539C320092DA09 /* Main.storyboard in Resources */,
			);
			runOnlyForDeploymentPostprocessing = 0;
		};
/* End PBXResourcesBuildPhase section */

/* Begin PBXSourcesBuildPhase section */
		189FEB5421539C320092DA09 /* Sources */ = {
			isa = PBXSourcesBuildPhase;
			buildActionMask = 2147483647;
			files = (
				189FEB6021539C320092DA09 /* ViewController.m in Sources */,
				189FEB7321539EF90092DA09 /* NSArray+ErrorHandel.m in Sources */,
				189FEB6B21539C340092DA09 /* main.m in Sources */,
				189FEB5D21539C320092DA09 /* AppDelegate.m in Sources */,
				18D84359215A1C5D00462451 /* TBCityIconFont.m in Sources */,
				189FEB762153A1130092DA09 /* NSMutableArray+ErrorHandel.m in Sources */,
				189FEB792153A2580092DA09 /* NSObject+SwizzleMethod.m in Sources */,
				18D8435B215A1C5D00462451 /* UIImage+TBCityIconFont.m in Sources */,
				18D8435A215A1C5D00462451 /* TBCityIconInfo.m in Sources */,
			);
			runOnlyForDeploymentPostprocessing = 0;
		};
/* End PBXSourcesBuildPhase section */

/* Begin PBXVariantGroup section */
		189FEB6121539C320092DA09 /* Main.storyboard */ = {
			isa = PBXVariantGroup;
			children = (
				189FEB6221539C320092DA09 /* Base */,
			);
			name = Main.storyboard;
			sourceTree = "<group>";
		};
		189FEB6621539C340092DA09 /* LaunchScreen.storyboard */ = {
			isa = PBXVariantGroup;
			children = (
				189FEB6721539C340092DA09 /* Base */,
			);
			name = LaunchScreen.storyboard;
			sourceTree = "<group>";
		};
/* End PBXVariantGroup section */

/* Begin XCBuildConfiguration section */
		189FEB6C21539C340092DA09 /* Debug */ = {
			isa = XCBuildConfiguration;
			buildSettings = {
				ALWAYS_SEARCH_USER_PATHS = NO;
				CLANG_ANALYZER_NONNULL = YES;
				CLANG_ANALYZER_NUMBER_OBJECT_CONVERSION = YES_AGGRESSIVE;
				CLANG_CXX_LANGUAGE_STANDARD = "gnu++14";
				CLANG_CXX_LIBRARY = "libc++";
				CLANG_ENABLE_MODULES = YES;
				CLANG_ENABLE_OBJC_ARC = YES;
				CLANG_ENABLE_OBJC_WEAK = YES;
				CLANG_WARN_BLOCK_CAPTURE_AUTORELEASING = YES;
				CLANG_WARN_BOOL_CONVERSION = YES;
				CLANG_WARN_COMMA = YES;
				CLANG_WARN_CONSTANT_CONVERSION = YES;
				CLANG_WARN_DEPRECATED_OBJC_IMPLEMENTATIONS = YES;
				CLANG_WARN_DIRECT_OBJC_ISA_USAGE = YES_ERROR;
				CLANG_WARN_DOCUMENTATION_COMMENTS = YES;
				CLANG_WARN_EMPTY_BODY = YES;
				CLANG_WARN_ENUM_CONVERSION = YES;
				CLANG_WARN_INFINITE_RECURSION = YES;
				CLANG_WARN_INT_CONVERSION = YES;
				CLANG_WARN_NON_LITERAL_NULL_CONVERSION = YES;
				CLANG_WARN_OBJC_IMPLICIT_RETAIN_SELF = YES;
				CLANG_WARN_OBJC_LITERAL_CONVERSION = YES;
				CLANG_WARN_OBJC_ROOT_CLASS = YES_ERROR;
				CLANG_WARN_RANGE_LOOP_ANALYSIS = YES;
				CLANG_WARN_STRICT_PROTOTYPES = YES;
				CLANG_WARN_SUSPICIOUS_MOVE = YES;
				CLANG_WARN_UNGUARDED_AVAILABILITY = YES_AGGRESSIVE;
				CLANG_WARN_UNREACHABLE_CODE = YES;
				CLANG_WARN__DUPLICATE_METHOD_MATCH = YES;
				CODE_SIGN_IDENTITY = "iPhone Developer";
				COPY_PHASE_STRIP = NO;
				DEBUG_INFORMATION_FORMAT = dwarf;
				ENABLE_STRICT_OBJC_MSGSEND = YES;
				ENABLE_TESTABILITY = YES;
				GCC_C_LANGUAGE_STANDARD = gnu11;
				GCC_DYNAMIC_NO_PIC = NO;
				GCC_NO_COMMON_BLOCKS = YES;
				GCC_OPTIMIZATION_LEVEL = 0;
				GCC_PREPROCESSOR_DEFINITIONS = (
					"DEBUG=1",
					"$(inherited)",
				);
				GCC_WARN_64_TO_32_BIT_CONVERSION = YES;
				GCC_WARN_ABOUT_RETURN_TYPE = YES_ERROR;
				GCC_WARN_UNDECLARED_SELECTOR = YES;
				GCC_WARN_UNINITIALIZED_AUTOS = YES_AGGRESSIVE;
				GCC_WARN_UNUSED_FUNCTION = YES;
				GCC_WARN_UNUSED_VARIABLE = YES;
				IPHONEOS_DEPLOYMENT_TARGET = 11.4;
				MTL_ENABLE_DEBUG_INFO = YES;
				ONLY_ACTIVE_ARCH = YES;
				SDKROOT = iphoneos;
			};
			name = Debug;
		};
		189FEB6D21539C340092DA09 /* Release */ = {
			isa = XCBuildConfiguration;
			buildSettings = {
				ALWAYS_SEARCH_USER_PATHS = NO;
				CLANG_ANALYZER_NONNULL = YES;
				CLANG_ANALYZER_NUMBER_OBJECT_CONVERSION = YES_AGGRESSIVE;
				CLANG_CXX_LANGUAGE_STANDARD = "gnu++14";
				CLANG_CXX_LIBRARY = "libc++";
				CLANG_ENABLE_MODULES = YES;
				CLANG_ENABLE_OBJC_ARC = YES;
				CLANG_ENABLE_OBJC_WEAK = YES;
				CLANG_WARN_BLOCK_CAPTURE_AUTORELEASING = YES;
				CLANG_WARN_BOOL_CONVERSION = YES;
				CLANG_WARN_COMMA = YES;
				CLANG_WARN_CONSTANT_CONVERSION = YES;
				CLANG_WARN_DEPRECATED_OBJC_IMPLEMENTATIONS = YES;
				CLANG_WARN_DIRECT_OBJC_ISA_USAGE = YES_ERROR;
				CLANG_WARN_DOCUMENTATION_COMMENTS = YES;
				CLANG_WARN_EMPTY_BODY = YES;
				CLANG_WARN_ENUM_CONVERSION = YES;
				CLANG_WARN_INFINITE_RECURSION = YES;
				CLANG_WARN_INT_CONVERSION = YES;
				CLANG_WARN_NON_LITERAL_NULL_CONVERSION = YES;
				CLANG_WARN_OBJC_IMPLICIT_RETAIN_SELF = YES;
				CLANG_WARN_OBJC_LITERAL_CONVERSION = YES;
				CLANG_WARN_OBJC_ROOT_CLASS = YES_ERROR;
				CLANG_WARN_RANGE_LOOP_ANALYSIS = YES;
				CLANG_WARN_STRICT_PROTOTYPES = YES;
				CLANG_WARN_SUSPICIOUS_MOVE = YES;
				CLANG_WARN_UNGUARDED_AVAILABILITY = YES_AGGRESSIVE;
				CLANG_WARN_UNREACHABLE_CODE = YES;
				CLANG_WARN__DUPLICATE_METHOD_MATCH = YES;
				CODE_SIGN_IDENTITY = "iPhone Developer";
				COPY_PHASE_STRIP = NO;
				DEBUG_INFORMATION_FORMAT = "dwarf-with-dsym";
				ENABLE_NS_ASSERTIONS = NO;
				ENABLE_STRICT_OBJC_MSGSEND = YES;
				GCC_C_LANGUAGE_STANDARD = gnu11;
				GCC_NO_COMMON_BLOCKS = YES;
				GCC_WARN_64_TO_32_BIT_CONVERSION = YES;
				GCC_WARN_ABOUT_RETURN_TYPE = YES_ERROR;
				GCC_WARN_UNDECLARED_SELECTOR = YES;
				GCC_WARN_UNINITIALIZED_AUTOS = YES_AGGRESSIVE;
				GCC_WARN_UNUSED_FUNCTION = YES;
				GCC_WARN_UNUSED_VARIABLE = YES;
				IPHONEOS_DEPLOYMENT_TARGET = 11.4;
				MTL_ENABLE_DEBUG_INFO = NO;
				SDKROOT = iphoneos;
				VALIDATE_PRODUCT = YES;
			};
			name = Release;
		};
		189FEB6F21539C340092DA09 /* Debug */ = {
			isa = XCBuildConfiguration;
			buildSettings = {
				ASSETCATALOG_COMPILER_APPICON_NAME = AppIcon;
				CODE_SIGN_STYLE = Automatic;
				DEVELOPMENT_TEAM = 2UJ6BHR87H;
				INFOPLIST_FILE = outOfBounds/Info.plist;
				LD_RUNPATH_SEARCH_PATHS = (
					"$(inherited)",
					"@executable_path/Frameworks",
				);
				PRODUCT_BUNDLE_IDENTIFIER = com.qianlong.outOfBounds;
				PRODUCT_NAME = "$(TARGET_NAME)";
				TARGETED_DEVICE_FAMILY = "1,2";
			};
			name = Debug;
		};
		189FEB7021539C340092DA09 /* Release */ = {
			isa = XCBuildConfiguration;
			buildSettings = {
				ASSETCATALOG_COMPILER_APPICON_NAME = AppIcon;
				CODE_SIGN_STYLE = Automatic;
				DEVELOPMENT_TEAM = 2UJ6BHR87H;
				INFOPLIST_FILE = outOfBounds/Info.plist;
				LD_RUNPATH_SEARCH_PATHS = (
					"$(inherited)",
					"@executable_path/Frameworks",
				);
				PRODUCT_BUNDLE_IDENTIFIER = com.qianlong.outOfBounds;
				PRODUCT_NAME = "$(TARGET_NAME)";
				TARGETED_DEVICE_FAMILY = "1,2";
			};
			name = Release;
		};
/* End XCBuildConfiguration section */

/* Begin XCConfigurationList section */
		189FEB5321539C320092DA09 /* Build configuration list for PBXProject "outOfBounds" */ = {
			isa = XCConfigurationList;
			buildConfigurations = (
				189FEB6C21539C340092DA09 /* Debug */,
				189FEB6D21539C340092DA09 /* Release */,
			);
			defaultConfigurationIsVisible = 0;
			defaultConfigurationName = Release;
		};
		189FEB6E21539C340092DA09 /* Build configuration list for PBXNativeTarget "outOfBounds" */ = {
			isa = XCConfigurationList;
			buildConfigurations = (
				189FEB6F21539C340092DA09 /* Debug */,
				189FEB7021539C340092DA09 /* Release */,
			);
			defaultConfigurationIsVisible = 0;
			defaultConfigurationName = Release;
		};
/* End XCConfigurationList section */
	};
	rootObject = 189FEB5021539C320092DA09 /* Project object */;
}
